
Microsoft Visual Studio Solution File, Format Version 12.00
# Visual Studio Version 16
VisualStudioVersion = 16.0.31005.135
MinimumVisualStudioVersion = 10.0.40219.1
Project("{8BC9CEB8-8B4A-11D0-8D11-00A0C91BC942}") = "wadSave", "wadSave\wadSave.vcxproj", "{5A779249-A4DF-49F5-BE4C-566F25034282}"
EndProject
Project("{8BC9CEB8-8B4A-11D0-8D11-00A0C91BC942}") = "test", "test\test.vcxproj", "{CA274078-0E9C-4AB2-92AC-1E697DEADBDD}"
EndProject
Global
	GlobalSection(SolutionConfigurationPlatforms) = preSolution
		Debug|x64 = Debug|x64
		Debug|x86 = Debug|x86
		Release|x64 = Release|x64
		Release|x86 = Release|x86
	EndGlobalSection
	GlobalSection(ProjectConfigurationPlatforms) = postSolution
		{5A779249-A4DF-49F5-BE4C-566F25034282}.Debug|x64.ActiveCfg = Debug|x64
		{5A779249-A4DF-49F5-BE4C-566F25034282}.Debug|x64.Build.0 = Debug|x64
		{5A779249-A4DF-49F5-BE4C-566F25034282}.Debug|x86.ActiveCfg = Debug|Win32
		{5A779249-A4DF-49F5-BE4C-566F25034282}.Debug|x86.Build.0 = Debug|Win32
		{5A779249-A4DF-49F5-BE4C-566F25034282}.Release|x64.ActiveCfg = Release|x64
		{5A779249-A4DF-49F5-BE4C-566F25034282}.Release|x64.Build.0 = Release|x64
		{5A779249-A4DF-49F5-BE4C-566F25034282}.Release|x86.ActiveCfg = Release|Win32
		{5A779249-A4DF-49F5-BE4C-566F25034282}.Release|x86.Build.0 = Release|Win32
		{CA274078-0E9C-4AB2-92AC-1E697DEADBDD}.Debug|x64.ActiveCfg = Debug|x64
		{CA274078-0E9C-4AB2-92AC-1E697DEADBDD}.Debug|x64.Build.0 = Debug|x64
		{CA274078-0E9C-4AB2-92AC-1E697DEADBDD}.Debug|x86.ActiveCfg = Debug|Win32
		{CA274078-0E9C-4AB2-92AC-1E697DEADBDD}.Debug|x86.Build.0 = Debug|Win32
		{CA274078-0E9C-4AB2-92AC-1E697DEADBDD}.Release|x64.ActiveCfg = Release|x64
		{CA274078-0E9C-4AB2-92AC-1E697DEADBDD}.Release|x64.Build.0 = Release|x64
		{CA274078-0E9C-4AB2-92AC-1E697DEADBDD}.Release|x86.ActiveCfg = Release|Win32
		{CA274078-0E9C-4AB2-92AC-1E697DEADBDD}.Release|x86.Build.0 = Release|Win32
	EndGlobalSection
	GlobalSection(SolutionProperties) = preSolution
		HideSolutionNode = FALSE
	EndGlobalSection
	GlobalSection(ExtensibilityGlobals) = postSolution
		SolutionGuid = {9339A051-9714-4EF1-A8D1-741B5E8AF135}
	EndGlobalSection
EndGlobal
